SITE
  remote: http://community.opscode.com/api/v1
  specs:
    apt (1.4.8)
    yum (2.2.2)

GIT
  remote: https://github.com/flaccid/chef-mongodb
  ref: master
  sha: 0bbbdb4bf1d810fc77acfb95cd4f1ecfd299ddec
  specs:
    mongodb (0.12.0)
      apt (~> 1.4.4)
      yum (>= 0.0.0)

DEPENDENCIES
  mongodb (>= 0)

